
Microsoft Visual Studio Solution File, Format Version 12.00
# Visual Studio 2013
VisualStudioVersion = 12.0.21005.1
MinimumVisualStudioVersion = 10.0.40219.1
Project("{FAE04EC0-301F-11D3-BF4B-00C04F79EFBC}") = "PrivateHomeServices", "PrivateHomeServices\PrivateHomeServices.csproj", "{B3529CFD-C252-46BB-BDA6-D5ED2C7A79EE}"
EndProject
Project("{FAE04EC0-301F-11D3-BF4B-00C04F79EFBC}") = "PrivateHomeServices.Tests", "PrivateHomeServices.Tests\PrivateHomeServices.Tests.csproj", "{5B92F577-CB59-4B7D-8E2D-338F11536C53}"
EndProject
Global
	GlobalSection(SolutionConfigurationPlatforms) = preSolution
		Debug|Any CPU = Debug|Any CPU
		Release|Any CPU = Release|Any CPU
	EndGlobalSection
	GlobalSection(ProjectConfigurationPlatforms) = postSolution
		{B3529CFD-C252-46BB-BDA6-D5ED2C7A79EE}.Debug|Any CPU.ActiveCfg = Debug|Any CPU
		{B3529CFD-C252-46BB-BDA6-D5ED2C7A79EE}.Debug|Any CPU.Build.0 = Debug|Any CPU
		{B3529CFD-C252-46BB-BDA6-D5ED2C7A79EE}.Release|Any CPU.ActiveCfg = Release|Any CPU
		{B3529CFD-C252-46BB-BDA6-D5ED2C7A79EE}.Release|Any CPU.Build.0 = Release|Any CPU
		{5B92F577-CB59-4B7D-8E2D-338F11536C53}.Debug|Any CPU.ActiveCfg = Debug|Any CPU
		{5B92F577-CB59-4B7D-8E2D-338F11536C53}.Debug|Any CPU.Build.0 = Debug|Any CPU
		{5B92F577-CB59-4B7D-8E2D-338F11536C53}.Release|Any CPU.ActiveCfg = Release|Any CPU
		{5B92F577-CB59-4B7D-8E2D-338F11536C53}.Release|Any CPU.Build.0 = Release|Any CPU
	EndGlobalSection
	GlobalSection(SolutionProperties) = preSolution
		HideSolutionNode = FALSE
	EndGlobalSection
EndGlobal
